// !$*UTF8*$!
{
	archiveVersion = 1;
	classes = {
	};
	objectVersion = 46;
	objects = {

/* Begin PBXBuildFile section */
		6433F3891D34B22000F0D72F /* ControlsSegue.swift in Sources */ = {isa = PBXBuildFile; fileRef = 6433F3881D34B22000F0D72F /* ControlsSegue.swift */; };
		6433F38B1D34B5E400F0D72F /* FocusViewController.swift in Sources */ = {isa = PBXBuildFile; fileRef = 6433F38A1D34B5E400F0D72F /* FocusViewController.swift */; };
		6433F38D1D34B62C00F0D72F /* ExposureViewController.swift in Sources */ = {isa = PBXBuildFile; fileRef = 6433F38C1D34B62C00F0D72F /* ExposureViewController.swift */; };
		6433F3911D34B66900F0D72F /* WhiteBalanceViewController.swift in Sources */ = {isa = PBXBuildFile; fileRef = 6433F3901D34B66900F0D72F /* WhiteBalanceViewController.swift */; };
		6433F3931D34B69600F0D72F /* OptionsViewController.swift in Sources */ = {isa = PBXBuildFile; fileRef = 6433F3921D34B69600F0D72F /* OptionsViewController.swift */; };
		643809B01D34FCD9004638C9 /* CameraControlsViewControllerProtocol.swift in Sources */ = {isa = PBXBuildFile; fileRef = 643809AF1D34FCD9004638C9 /* CameraControlsViewControllerProtocol.swift */; };
		64A266F21D4397BA00C24275 /* FilteredImageView.swift in Sources */ = {isa = PBXBuildFile; fileRef = 64A266F11D4397BA00C24275 /* FilteredImageView.swift */; };
		64A266F41D4432E800C24275 /* ParameterAdjustmentView.swift in Sources */ = {isa = PBXBuildFile; fileRef = 64A266F31D4432E800C24275 /* ParameterAdjustmentView.swift */; };
		64A266F61D44337700C24275 /* ScalarFilterParameter.swift in Sources */ = {isa = PBXBuildFile; fileRef = 64A266F51D44337700C24275 /* ScalarFilterParameter.swift */; };
		64A266F81D4434C700C24275 /* LabeledSliderView.swift in Sources */ = {isa = PBXBuildFile; fileRef = 64A266F71D4434C700C24275 /* LabeledSliderView.swift */; };
		64A266FA1D44403E00C24275 /* PhotoFilterViewController.swift in Sources */ = {isa = PBXBuildFile; fileRef = 64A266F91D44403E00C24275 /* PhotoFilterViewController.swift */; };
		64A266FC1D44527300C24275 /* FilterListViewController.swift in Sources */ = {isa = PBXBuildFile; fileRef = 64A266FB1D44527300C24275 /* FilterListViewController.swift */; };
		64A266FE1D44564700C24275 /* FilterDetailViewController.swift in Sources */ = {isa = PBXBuildFile; fileRef = 64A266FD1D44564700C24275 /* FilterDetailViewController.swift */; };
		64A267061D447FDF00C24275 /* SnapKit.framework in Frameworks */ = {isa = PBXBuildFile; fileRef = 64A266FF1D446BB100C24275 /* SnapKit.framework */; };
		64C3E7A41D436A02009D410D /* Main.storyboard in Resources */ = {isa = PBXBuildFile; fileRef = 64C3E7A31D436A02009D410D /* Main.storyboard */; };
		64C3E7A61D436A9C009D410D /* MenuViewController.swift in Sources */ = {isa = PBXBuildFile; fileRef = 64C3E7A51D436A9C009D410D /* MenuViewController.swift */; };
		64C3E7A81D43819B009D410D /* CIExplorer.storyboard in Resources */ = {isa = PBXBuildFile; fileRef = 64C3E7A71D43819B009D410D /* CIExplorer.storyboard */; };
		64C3E7AC1D439591009D410D /* PhotoFilterCollectionViewCell.swift in Sources */ = {isa = PBXBuildFile; fileRef = 64C3E7AB1D439591009D410D /* PhotoFilterCollectionViewCell.swift */; };
		722191DB1CFC1D75009B4AF1 /* AppDelegate.swift in Sources */ = {isa = PBXBuildFile; fileRef = 722191DA1CFC1D75009B4AF1 /* AppDelegate.swift */; };
		722191DD1CFC1D75009B4AF1 /* CamereViewController.swift in Sources */ = {isa = PBXBuildFile; fileRef = 722191DC1CFC1D75009B4AF1 /* CamereViewController.swift */; };
		722191E01CFC1D75009B4AF1 /* Camera.storyboard in Resources */ = {isa = PBXBuildFile; fileRef = 722191DE1CFC1D75009B4AF1 /* Camera.storyboard */; };
		722191E21CFC1D75009B4AF1 /* Assets.xcassets in Resources */ = {isa = PBXBuildFile; fileRef = 722191E11CFC1D75009B4AF1 /* Assets.xcassets */; };
		722191E51CFC1D75009B4AF1 /* LaunchScreen.storyboard in Resources */ = {isa = PBXBuildFile; fileRef = 722191E31CFC1D75009B4AF1 /* LaunchScreen.storyboard */; };
		722191ED1CFC1F09009B4AF1 /* GLViewController.swift in Sources */ = {isa = PBXBuildFile; fileRef = 722191EC1CFC1F09009B4AF1 /* GLViewController.swift */; };
		722191F01CFC2094009B4AF1 /* CameraController.swift in Sources */ = {isa = PBXBuildFile; fileRef = 722191EF1CFC2094009B4AF1 /* CameraController.swift */; };
		722192091CFE8E65009B4AF1 /* GLViewController.swift in Sources */ = {isa = PBXBuildFile; fileRef = 722191EC1CFC1F09009B4AF1 /* GLViewController.swift */; };
		7221920B1CFE8E65009B4AF1 /* CameraController.swift in Sources */ = {isa = PBXBuildFile; fileRef = 722191EF1CFC2094009B4AF1 /* CameraController.swift */; };
		7221920C1CFE8E65009B4AF1 /* AppDelegate.swift in Sources */ = {isa = PBXBuildFile; fileRef = 722191DA1CFC1D75009B4AF1 /* AppDelegate.swift */; };
		7221920F1CFE8E65009B4AF1 /* LaunchScreen.storyboard in Resources */ = {isa = PBXBuildFile; fileRef = 722191E31CFC1D75009B4AF1 /* LaunchScreen.storyboard */; };
		722192101CFE8E65009B4AF1 /* Assets.xcassets in Resources */ = {isa = PBXBuildFile; fileRef = 722191E11CFC1D75009B4AF1 /* Assets.xcassets */; };
		722192111CFE8E65009B4AF1 /* Camera.storyboard in Resources */ = {isa = PBXBuildFile; fileRef = 722191DE1CFC1D75009B4AF1 /* Camera.storyboard */; };
		722192181CFEB664009B4AF1 /* Main2.storyboard in Resources */ = {isa = PBXBuildFile; fileRef = 722192171CFEB664009B4AF1 /* Main2.storyboard */; };
		722192191CFEBB56009B4AF1 /* Main2.storyboard in Resources */ = {isa = PBXBuildFile; fileRef = 722192171CFEB664009B4AF1 /* Main2.storyboard */; };
/* End PBXBuildFile section */

/* Begin PBXFileReference section */
		6433F3881D34B22000F0D72F /* ControlsSegue.swift */ = {isa = PBXFileReference; fileEncoding = 4; lastKnownFileType = sourcecode.swift; path = ControlsSegue.swift; sourceTree = "<group>"; };
		6433F38A1D34B5E400F0D72F /* FocusViewController.swift */ = {isa = PBXFileReference; fileEncoding = 4; lastKnownFileType = sourcecode.swift; path = FocusViewController.swift; sourceTree = "<group>"; };
		6433F38C1D34B62C00F0D72F /* ExposureViewController.swift */ = {isa = PBXFileReference; fileEncoding = 4; lastKnownFileType = sourcecode.swift; path = ExposureViewController.swift; sourceTree = "<group>"; };
		6433F3901D34B66900F0D72F /* WhiteBalanceViewController.swift */ = {isa = PBXFileReference; fileEncoding = 4; lastKnownFileType = sourcecode.swift; path = WhiteBalanceViewController.swift; sourceTree = "<group>"; };
		6433F3921D34B69600F0D72F /* OptionsViewController.swift */ = {isa = PBXFileReference; fileEncoding = 4; lastKnownFileType = sourcecode.swift; path = OptionsViewController.swift; sourceTree = "<group>"; };
		643809AF1D34FCD9004638C9 /* CameraControlsViewControllerProtocol.swift */ = {isa = PBXFileReference; fileEncoding = 4; lastKnownFileType = sourcecode.swift; path = CameraControlsViewControllerProtocol.swift; sourceTree = "<group>"; };
		64A266F11D4397BA00C24275 /* FilteredImageView.swift */ = {isa = PBXFileReference; fileEncoding = 4; lastKnownFileType = sourcecode.swift; path = FilteredImageView.swift; sourceTree = "<group>"; };
		64A266F31D4432E800C24275 /* ParameterAdjustmentView.swift */ = {isa = PBXFileReference; fileEncoding = 4; lastKnownFileType = sourcecode.swift; path = ParameterAdjustmentView.swift; sourceTree = "<group>"; };
		64A266F51D44337700C24275 /* ScalarFilterParameter.swift */ = {isa = PBXFileReference; fileEncoding = 4; lastKnownFileType = sourcecode.swift; path = ScalarFilterParameter.swift; sourceTree = "<group>"; };
		64A266F71D4434C700C24275 /* LabeledSliderView.swift */ = {isa = PBXFileReference; fileEncoding = 4; lastKnownFileType = sourcecode.swift; path = LabeledSliderView.swift; sourceTree = "<group>"; };
		64A266F91D44403E00C24275 /* PhotoFilterViewController.swift */ = {isa = PBXFileReference; fileEncoding = 4; lastKnownFileType = sourcecode.swift; path = PhotoFilterViewController.swift; sourceTree = "<group>"; };
		64A266FB1D44527300C24275 /* FilterListViewController.swift */ = {isa = PBXFileReference; fileEncoding = 4; lastKnownFileType = sourcecode.swift; path = FilterListViewController.swift; sourceTree = "<group>"; };
		64A266FD1D44564700C24275 /* FilterDetailViewController.swift */ = {isa = PBXFileReference; fileEncoding = 4; lastKnownFileType = sourcecode.swift; path = FilterDetailViewController.swift; sourceTree = "<group>"; };
		64A266FF1D446BB100C24275 /* SnapKit.framework */ = {isa = PBXFileReference; lastKnownFileType = wrapper.framework; name = SnapKit.framework; path = Carthage/Build/iOS/SnapKit.framework; sourceTree = "<group>"; };
		64C3E7A31D436A02009D410D /* Main.storyboard */ = {isa = PBXFileReference; fileEncoding = 4; lastKnownFileType = file.storyboard; path = Main.storyboard; sourceTree = "<group>"; };
		64C3E7A51D436A9C009D410D /* MenuViewController.swift */ = {isa = PBXFileReference; fileEncoding = 4; lastKnownFileType = sourcecode.swift; path = MenuViewController.swift; sourceTree = "<group>"; };
		64C3E7A71D43819B009D410D /* CIExplorer.storyboard */ = {isa = PBXFileReference; fileEncoding = 4; lastKnownFileType = file.storyboard; path = CIExplorer.storyboard; sourceTree = "<group>"; };
		64C3E7AB1D439591009D410D /* PhotoFilterCollectionViewCell.swift */ = {isa = PBXFileReference; fileEncoding = 4; lastKnownFileType = sourcecode.swift; path = PhotoFilterCollectionViewCell.swift; sourceTree = "<group>"; };
		722191D71CFC1D75009B4AF1 /* DemoCI.app */ = {isa = PBXFileReference; explicitFileType = wrapper.application; includeInIndex = 0; path = DemoCI.app; sourceTree = BUILT_PRODUCTS_DIR; };
		722191DA1CFC1D75009B4AF1 /* AppDelegate.swift */ = {isa = PBXFileReference; lastKnownFileType = sourcecode.swift; path = AppDelegate.swift; sourceTree = "<group>"; };
		722191DC1CFC1D75009B4AF1 /* CamereViewController.swift */ = {isa = PBXFileReference; lastKnownFileType = sourcecode.swift; path = CamereViewController.swift; sourceTree = "<group>"; };
		722191DF1CFC1D75009B4AF1 /* Base */ = {isa = PBXFileReference; lastKnownFileType = file.storyboard; name = Base; path = Base.lproj/Camera.storyboard; sourceTree = "<group>"; };
		722191E11CFC1D75009B4AF1 /* Assets.xcassets */ = {isa = PBXFileReference; lastKnownFileType = folder.assetcatalog; path = Assets.xcassets; sourceTree = "<group>"; };
		722191E41CFC1D75009B4AF1 /* Base */ = {isa = PBXFileReference; lastKnownFileType = file.storyboard; name = Base; path = Base.lproj/LaunchScreen.storyboard; sourceTree = "<group>"; };
		722191E61CFC1D75009B4AF1 /* Info.plist */ = {isa = PBXFileReference; lastKnownFileType = text.plist.xml; path = Info.plist; sourceTree = "<group>"; };
		722191EC1CFC1F09009B4AF1 /* GLViewController.swift */ = {isa = PBXFileReference; fileEncoding = 4; lastKnownFileType = sourcecode.swift; path = GLViewController.swift; sourceTree = "<group>"; };
		722191EF1CFC2094009B4AF1 /* CameraController.swift */ = {isa = PBXFileReference; fileEncoding = 4; lastKnownFileType = sourcecode.swift; path = CameraController.swift; sourceTree = "<group>"; };
		722192151CFE8E65009B4AF1 /* DemoCI2.app */ = {isa = PBXFileReference; explicitFileType = wrapper.application; includeInIndex = 0; path = DemoCI2.app; sourceTree = BUILT_PRODUCTS_DIR; };
		722192171CFEB664009B4AF1 /* Main2.storyboard */ = {isa = PBXFileReference; fileEncoding = 4; lastKnownFileType = file.storyboard; path = Main2.storyboard; sourceTree = "<group>"; };
/* End PBXFileReference section */

/* Begin PBXFrameworksBuildPhase section */
		722191D41CFC1D75009B4AF1 /* Frameworks */ = {
			isa = PBXFrameworksBuildPhase;
			buildActionMask = 2147483647;
			files = (
				64A267061D447FDF00C24275 /* SnapKit.framework in Frameworks */,
			);
			runOnlyForDeploymentPostprocessing = 0;
		};
		7221920D1CFE8E65009B4AF1 /* Frameworks */ = {
			isa = PBXFrameworksBuildPhase;
			buildActionMask = 2147483647;
			files = (
			);
			runOnlyForDeploymentPostprocessing = 0;
		};
/* End PBXFrameworksBuildPhase section */

/* Begin PBXGroup section */
		64736BBD1D562B9C000E4572 /* AutoLayout */ = {
			isa = PBXGroup;
			children = (
			);
			name = AutoLayout;
			sourceTree = "<group>";
		};
		64A267011D446BDE00C24275 /* Frameworks */ = {
			isa = PBXGroup;
			children = (
				64A266FF1D446BB100C24275 /* SnapKit.framework */,
			);
			name = Frameworks;
			sourceTree = "<group>";
		};
		64C3E7A91D4381A3009D410D /* CIExplorer */ = {
			isa = PBXGroup;
			children = (
				64C3E7A71D43819B009D410D /* CIExplorer.storyboard */,
				64A266FB1D44527300C24275 /* FilterListViewController.swift */,
				64A266FD1D44564700C24275 /* FilterDetailViewController.swift */,
				64A266F31D4432E800C24275 /* ParameterAdjustmentView.swift */,
				64A266F51D44337700C24275 /* ScalarFilterParameter.swift */,
				64A266F71D4434C700C24275 /* LabeledSliderView.swift */,
				64A266F91D44403E00C24275 /* PhotoFilterViewController.swift */,
				64C3E7AB1D439591009D410D /* PhotoFilterCollectionViewCell.swift */,
				64A266F11D4397BA00C24275 /* FilteredImageView.swift */,
			);
			name = CIExplorer;
			sourceTree = "<group>";
		};
		64C3E7AA1D4381AF009D410D /* Menu */ = {
			isa = PBXGroup;
			children = (
				64C3E7A31D436A02009D410D /* Main.storyboard */,
				64C3E7A51D436A9C009D410D /* MenuViewController.swift */,
			);
			name = Menu;
			sourceTree = "<group>";
		};
		722191CE1CFC1D75009B4AF1 = {
			isa = PBXGroup;
			children = (
				64A267011D446BDE00C24275 /* Frameworks */,
				722191D91CFC1D75009B4AF1 /* DemoCI */,
				722191D81CFC1D75009B4AF1 /* Products */,
			);
			sourceTree = "<group>";
		};
		722191D81CFC1D75009B4AF1 /* Products */ = {
			isa = PBXGroup;
			children = (
				722191D71CFC1D75009B4AF1 /* DemoCI.app */,
				722192151CFE8E65009B4AF1 /* DemoCI2.app */,
			);
			name = Products;
			sourceTree = "<group>";
		};
		722191D91CFC1D75009B4AF1 /* DemoCI */ = {
			isa = PBXGroup;
			children = (
				64736BBD1D562B9C000E4572 /* AutoLayout */,
				722191DA1CFC1D75009B4AF1 /* AppDelegate.swift */,
				64C3E7AA1D4381AF009D410D /* Menu */,
				64C3E7A91D4381A3009D410D /* CIExplorer */,
				722191EE1CFC1F0F009B4AF1 /* Camera */,
				722192171CFEB664009B4AF1 /* Main2.storyboard */,
				722191E11CFC1D75009B4AF1 /* Assets.xcassets */,
				722191E31CFC1D75009B4AF1 /* LaunchScreen.storyboard */,
				722191E61CFC1D75009B4AF1 /* Info.plist */,
			);
			path = DemoCI;
			sourceTree = "<group>";
		};
		722191EE1CFC1F0F009B4AF1 /* Camera */ = {
			isa = PBXGroup;
			children = (
				722191DE1CFC1D75009B4AF1 /* Camera.storyboard */,
				722191DC1CFC1D75009B4AF1 /* CamereViewController.swift */,
				722191EC1CFC1F09009B4AF1 /* GLViewController.swift */,
				722191EF1CFC2094009B4AF1 /* CameraController.swift */,
				6433F3881D34B22000F0D72F /* ControlsSegue.swift */,
				6433F3901D34B66900F0D72F /* WhiteBalanceViewController.swift */,
				6433F3921D34B69600F0D72F /* OptionsViewController.swift */,
				6433F38A1D34B5E400F0D72F /* FocusViewController.swift */,
				6433F38C1D34B62C00F0D72F /* ExposureViewController.swift */,
				643809AF1D34FCD9004638C9 /* CameraControlsViewControllerProtocol.swift */,
			);
			name = Camera;
			sourceTree = "<group>";
		};
/* End PBXGroup section */

/* Begin PBXNativeTarget section */
		722191D61CFC1D75009B4AF1 /* DemoCI */ = {
			isa = PBXNativeTarget;
			buildConfigurationList = 722191E91CFC1D75009B4AF1 /* Build configuration list for PBXNativeTarget "DemoCI" */;
			buildPhases = (
				722191D31CFC1D75009B4AF1 /* Sources */,
				722191D41CFC1D75009B4AF1 /* Frameworks */,
				722191D51CFC1D75009B4AF1 /* Resources */,
				64A267071D44801400C24275 /* ShellScript */,
			);
			buildRules = (
			);
			dependencies = (
			);
			name = DemoCI;
			productName = DemoCI;
			productReference = 722191D71CFC1D75009B4AF1 /* DemoCI.app */;
			productType = "com.apple.product-type.application";
		};
		722192071CFE8E65009B4AF1 /* DemoCI2 */ = {
			isa = PBXNativeTarget;
			buildConfigurationList = 722192121CFE8E65009B4AF1 /* Build configuration list for PBXNativeTarget "DemoCI2" */;
			buildPhases = (
				722192081CFE8E65009B4AF1 /* Sources */,
				7221920D1CFE8E65009B4AF1 /* Frameworks */,
				7221920E1CFE8E65009B4AF1 /* Resources */,
			);
			buildRules = (
			);
			dependencies = (
			);
			name = DemoCI2;
			productName = DemoCI;
			productReference = 722192151CFE8E65009B4AF1 /* DemoCI2.app */;
			productType = "com.apple.product-type.application";
		};
/* End PBXNativeTarget section */

/* Begin PBXProject section */
		722191CF1CFC1D75009B4AF1 /* Project object */ = {
			isa = PBXProject;
			attributes = {
				LastSwiftUpdateCheck = 0730;
				LastUpgradeCheck = 0730;
				ORGANIZATIONNAME = cc.kauhaus;
				TargetAttributes = {
					722191D61CFC1D75009B4AF1 = {
						CreatedOnToolsVersion = 7.3.1;
					};
				};
			};
			buildConfigurationList = 722191D21CFC1D75009B4AF1 /* Build configuration list for PBXProject "DemoCI" */;
			compatibilityVersion = "Xcode 3.2";
			developmentRegion = English;
			hasScannedForEncodings = 0;
			knownRegions = (
				en,
				Base,
			);
			mainGroup = 722191CE1CFC1D75009B4AF1;
			productRefGroup = 722191D81CFC1D75009B4AF1 /* Products */;
			projectDirPath = "";
			projectRoot = "";
			targets = (
				722191D61CFC1D75009B4AF1 /* DemoCI */,
				722192071CFE8E65009B4AF1 /* DemoCI2 */,
			);
		};
/* End PBXProject section */

/* Begin PBXResourcesBuildPhase section */
		722191D51CFC1D75009B4AF1 /* Resources */ = {
			isa = PBXResourcesBuildPhase;
			buildActionMask = 2147483647;
			files = (
				722191E51CFC1D75009B4AF1 /* LaunchScreen.storyboard in Resources */,
				64C3E7A41D436A02009D410D /* Main.storyboard in Resources */,
				722191E21CFC1D75009B4AF1 /* Assets.xcassets in Resources */,
				64C3E7A81D43819B009D410D /* CIExplorer.storyboard in Resources */,
				722192181CFEB664009B4AF1 /* Main2.storyboard in Resources */,
				722191E01CFC1D75009B4AF1 /* Camera.storyboard in Resources */,
			);
			runOnlyForDeploymentPostprocessing = 0;
		};
		7221920E1CFE8E65009B4AF1 /* Resources */ = {
			isa = PBXResourcesBuildPhase;
			buildActionMask = 2147483647;
			files = (
				7221920F1CFE8E65009B4AF1 /* LaunchScreen.storyboard in Resources */,
				722192101CFE8E65009B4AF1 /* Assets.xcassets in Resources */,
				722192191CFEBB56009B4AF1 /* Main2.storyboard in Resources */,
				722192111CFE8E65009B4AF1 /* Camera.storyboard in Resources */,
			);
			runOnlyForDeploymentPostprocessing = 0;
		};
/* End PBXResourcesBuildPhase section */

/* Begin PBXShellScriptBuildPhase section */
		64A267071D44801400C24275 /* ShellScript */ = {
			isa = PBXShellScriptBuildPhase;
			buildActionMask = 2147483647;
			files = (
			);
			inputPaths = (
				"$(SRCROOT)/Carthage/Build/iOS/SnapKit.framework",
			);
			outputPaths = (
			);
			runOnlyForDeploymentPostprocessing = 0;
			shellPath = /bin/sh;
			shellScript = "/usr/local/bin/carthage copy-frameworks";
		};
/* End PBXShellScriptBuildPhase section */

/* Begin PBXSourcesBuildPhase section */
		722191D31CFC1D75009B4AF1 /* Sources */ = {
			isa = PBXSourcesBuildPhase;
			buildActionMask = 2147483647;
			files = (
				6433F3891D34B22000F0D72F /* ControlsSegue.swift in Sources */,
				6433F38B1D34B5E400F0D72F /* FocusViewController.swift in Sources */,
				6433F3911D34B66900F0D72F /* WhiteBalanceViewController.swift in Sources */,
				6433F3931D34B69600F0D72F /* OptionsViewController.swift in Sources */,
				64C3E7A61D436A9C009D410D /* MenuViewController.swift in Sources */,
				64A266F21D4397BA00C24275 /* FilteredImageView.swift in Sources */,
				64A266FE1D44564700C24275 /* FilterDetailViewController.swift in Sources */,
				722191ED1CFC1F09009B4AF1 /* GLViewController.swift in Sources */,
				64A266F41D4432E800C24275 /* ParameterAdjustmentView.swift in Sources */,
				722191DD1CFC1D75009B4AF1 /* CamereViewController.swift in Sources */,
				64A266F81D4434C700C24275 /* LabeledSliderView.swift in Sources */,
				6433F38D1D34B62C00F0D72F /* ExposureViewController.swift in Sources */,
				643809B01D34FCD9004638C9 /* CameraControlsViewControllerProtocol.swift in Sources */,
				64A266FC1D44527300C24275 /* FilterListViewController.swift in Sources */,
				64C3E7AC1D439591009D410D /* PhotoFilterCollectionViewCell.swift in Sources */,
				722191F01CFC2094009B4AF1 /* CameraController.swift in Sources */,
				64A266F61D44337700C24275 /* ScalarFilterParameter.swift in Sources */,
				64A266FA1D44403E00C24275 /* PhotoFilterViewController.swift in Sources */,
				722191DB1CFC1D75009B4AF1 /* AppDelegate.swift in Sources */,
			);
			runOnlyForDeploymentPostprocessing = 0;
		};
		722192081CFE8E65009B4AF1 /* Sources */ = {
			isa = PBXSourcesBuildPhase;
			buildActionMask = 2147483647;
			files = (
				722192091CFE8E65009B4AF1 /* GLViewController.swift in Sources */,
				7221920B1CFE8E65009B4AF1 /* CameraController.swift in Sources */,
				7221920C1CFE8E65009B4AF1 /* AppDelegate.swift in Sources */,
			);
			runOnlyForDeploymentPostprocessing = 0;
		};
/* End PBXSourcesBuildPhase section */

/* Begin PBXVariantGroup section */
		722191DE1CFC1D75009B4AF1 /* Camera.storyboard */ = {
			isa = PBXVariantGroup;
			children = (
				722191DF1CFC1D75009B4AF1 /* Base */,
			);
			name = Camera.storyboard;
			sourceTree = "<group>";
		};
		722191E31CFC1D75009B4AF1 /* LaunchScreen.storyboard */ = {
			isa = PBXVariantGroup;
			children = (
				722191E41CFC1D75009B4AF1 /* Base */,
			);
			name = LaunchScreen.storyboard;
			sourceTree = "<group>";
		};
/* End PBXVariantGroup section */

/* Begin XCBuildConfiguration section */
		722191E71CFC1D75009B4AF1 /* Debug */ = {
			isa = XCBuildConfiguration;
			buildSettings = {
				ALWAYS_SEARCH_USER_PATHS = NO;
				CLANG_ANALYZER_NONNULL = YES;
				CLANG_CXX_LANGUAGE_STANDARD = "gnu++0x";
				CLANG_CXX_LIBRARY = "libc++";
				CLANG_ENABLE_MODULES = YES;
				CLANG_ENABLE_OBJC_ARC = YES;
				CLANG_WARN_BOOL_CONVERSION = YES;
				CLANG_WARN_CONSTANT_CONVERSION = YES;
				CLANG_WARN_DIRECT_OBJC_ISA_USAGE = YES_ERROR;
				CLANG_WARN_EMPTY_BODY = YES;
				CLANG_WARN_ENUM_CONVERSION = YES;
				CLANG_WARN_INT_CONVERSION = YES;
				CLANG_WARN_OBJC_ROOT_CLASS = YES_ERROR;
				CLANG_WARN_UNREACHABLE_CODE = YES;
				CLANG_WARN__DUPLICATE_METHOD_MATCH = YES;
				"CODE_SIGN_IDENTITY[sdk=iphoneos*]" = "iPhone Developer";
				COPY_PHASE_STRIP = NO;
				DEBUG_INFORMATION_FORMAT = dwarf;
				ENABLE_STRICT_OBJC_MSGSEND = YES;
				ENABLE_TESTABILITY = YES;
				GCC_C_LANGUAGE_STANDARD = gnu99;
				GCC_DYNAMIC_NO_PIC = NO;
				GCC_NO_COMMON_BLOCKS = YES;
				GCC_OPTIMIZATION_LEVEL = 0;
				GCC_PREPROCESSOR_DEFINITIONS = (
					"DEBUG=1",
					"$(inherited)",
				);
				GCC_WARN_64_TO_32_BIT_CONVERSION = YES;
				GCC_WARN_ABOUT_RETURN_TYPE = YES_ERROR;
				GCC_WARN_UNDECLARED_SELECTOR = YES;
				GCC_WARN_UNINITIALIZED_AUTOS = YES_AGGRESSIVE;
				GCC_WARN_UNUSED_FUNCTION = YES;
				GCC_WARN_UNUSED_VARIABLE = YES;
				IPHONEOS_DEPLOYMENT_TARGET = 9.3;
				MTL_ENABLE_DEBUG_INFO = YES;
				ONLY_ACTIVE_ARCH = YES;
				SDKROOT = iphoneos;
				SWIFT_OPTIMIZATION_LEVEL = "-Onone";
			};
			name = Debug;
		};
		722191E81CFC1D75009B4AF1 /* Release */ = {
			isa = XCBuildConfiguration;
			buildSettings = {
				ALWAYS_SEARCH_USER_PATHS = NO;
				CLANG_ANALYZER_NONNULL = YES;
				CLANG_CXX_LANGUAGE_STANDARD = "gnu++0x";
				CLANG_CXX_LIBRARY = "libc++";
				CLANG_ENABLE_MODULES = YES;
				CLANG_ENABLE_OBJC_ARC = YES;
				CLANG_WARN_BOOL_CONVERSION = YES;
				CLANG_WARN_CONSTANT_CONVERSION = YES;
				CLANG_WARN_DIRECT_OBJC_ISA_USAGE = YES_ERROR;
				CLANG_WARN_EMPTY_BODY = YES;
				CLANG_WARN_ENUM_CONVERSION = YES;
				CLANG_WARN_INT_CONVERSION = YES;
				CLANG_WARN_OBJC_ROOT_CLASS = YES_ERROR;
				CLANG_WARN_UNREACHABLE_CODE = YES;
				CLANG_WARN__DUPLICATE_METHOD_MATCH = YES;
				"CODE_SIGN_IDENTITY[sdk=iphoneos*]" = "iPhone Developer";
				COPY_PHASE_STRIP = NO;
				DEBUG_INFORMATION_FORMAT = "dwarf-with-dsym";
				ENABLE_NS_ASSERTIONS = NO;
				ENABLE_STRICT_OBJC_MSGSEND = YES;
				GCC_C_LANGUAGE_STANDARD = gnu99;
				GCC_NO_COMMON_BLOCKS = YES;
				GCC_WARN_64_TO_32_BIT_CONVERSION = YES;
				GCC_WARN_ABOUT_RETURN_TYPE = YES_ERROR;
				GCC_WARN_UNDECLARED_SELECTOR = YES;
				GCC_WARN_UNINITIALIZED_AUTOS = YES_AGGRESSIVE;
				GCC_WARN_UNUSED_FUNCTION = YES;
				GCC_WARN_UNUSED_VARIABLE = YES;
				IPHONEOS_DEPLOYMENT_TARGET = 9.3;
				MTL_ENABLE_DEBUG_INFO = NO;
				SDKROOT = iphoneos;
				VALIDATE_PRODUCT = YES;
			};
			name = Release;
		};
		722191EA1CFC1D75009B4AF1 /* Debug */ = {
			isa = XCBuildConfiguration;
			buildSettings = {
				ASSETCATALOG_COMPILER_APPICON_NAME = AppIcon;
				FRAMEWORK_SEARCH_PATHS = (
					"$(inherited)",
					"$(PROJECT_DIR)/Carthage/Build/iOS",
				);
				INFOPLIST_FILE = DemoCI/Info.plist;
				LD_RUNPATH_SEARCH_PATHS = "$(inherited) @executable_path/Frameworks";
				PRODUCT_BUNDLE_IDENTIFIER = cc.kauhaus.hulk.DemoCI;
				PRODUCT_NAME = "$(TARGET_NAME)";
			};
			name = Debug;
		};
		722191EB1CFC1D75009B4AF1 /* Release */ = {
			isa = XCBuildConfiguration;
			buildSettings = {
				ASSETCATALOG_COMPILER_APPICON_NAME = AppIcon;
				FRAMEWORK_SEARCH_PATHS = (
					"$(inherited)",
					"$(PROJECT_DIR)/Carthage/Build/iOS",
				);
				INFOPLIST_FILE = DemoCI/Info.plist;
				LD_RUNPATH_SEARCH_PATHS = "$(inherited) @executable_path/Frameworks";
				PRODUCT_BUNDLE_IDENTIFIER = cc.kauhaus.hulk.DemoCI;
				PRODUCT_NAME = "$(TARGET_NAME)";
			};
			name = Release;
		};
		722192131CFE8E65009B4AF1 /* Debug */ = {
			isa = XCBuildConfiguration;
			buildSettings = {
				ASSETCATALOG_COMPILER_APPICON_NAME = AppIcon;
				INFOPLIST_FILE = "DemoCI copy-Info.plist";
				LD_RUNPATH_SEARCH_PATHS = "$(inherited) @executable_path/Frameworks";
				PRODUCT_BUNDLE_IDENTIFIER = cc.kauhaus.hulk.DemoCI2;
				PRODUCT_NAME = "$(TARGET_NAME)";
			};
			name = Debug;
		};
		722192141CFE8E65009B4AF1 /* Release */ = {
			isa = XCBuildConfiguration;
			buildSettings = {
				ASSETCATALOG_COMPILER_APPICON_NAME = AppIcon;
				INFOPLIST_FILE = "DemoCI copy-Info.plist";
				LD_RUNPATH_SEARCH_PATHS = "$(inherited) @executable_path/Frameworks";
				PRODUCT_BUNDLE_IDENTIFIER = cc.kauhaus.hulk.DemoCI2;
				PRODUCT_NAME = "$(TARGET_NAME)";
			};
			name = Release;
		};
/* End XCBuildConfiguration section */

/* Begin XCConfigurationList section */
		722191D21CFC1D75009B4AF1 /* Build configuration list for PBXProject "DemoCI" */ = {
			isa = XCConfigurationList;
			buildConfigurations = (
				722191E71CFC1D75009B4AF1 /* Debug */,
				722191E81CFC1D75009B4AF1 /* Release */,
			);
			defaultConfigurationIsVisible = 0;
			defaultConfigurationName = Release;
		};
		722191E91CFC1D75009B4AF1 /* Build configuration list for PBXNativeTarget "DemoCI" */ = {
			isa = XCConfigurationList;
			buildConfigurations = (
				722191EA1CFC1D75009B4AF1 /* Debug */,
				722191EB1CFC1D75009B4AF1 /* Release */,
			);
			defaultConfigurationIsVisible = 0;
			defaultConfigurationName = Release;
		};
		722192121CFE8E65009B4AF1 /* Build configuration list for PBXNativeTarget "DemoCI2" */ = {
			isa = XCConfigurationList;
			buildConfigurations = (
				722192131CFE8E65009B4AF1 /* Debug */,
				722192141CFE8E65009B4AF1 /* Release */,
			);
			defaultConfigurationIsVisible = 0;
			defaultConfigurationName = Release;
		};
/* End XCConfigurationList section */
	};
	rootObject = 722191CF1CFC1D75009B4AF1 /* Project object */;
}
