// !$*UTF8*$!
{
	archiveVersion = 1;
	classes = {
	};
	objectVersion = 46;
	objects = {

/* Begin PBXBuildFile section */
		722191DB1CFC1D75009B4AF1 /* AppDelegate.swift in Sources */ = {isa = PBXBuildFile; fileRef = 722191DA1CFC1D75009B4AF1 /* AppDelegate.swift */; };
		722191DD1CFC1D75009B4AF1 /* ViewController.swift in Sources */ = {isa = PBXBuildFile; fileRef = 722191DC1CFC1D75009B4AF1 /* ViewController.swift */; };
		722191E01CFC1D75009B4AF1 /* Main.storyboard in Resources */ = {isa = PBXBuildFile; fileRef = 722191DE1CFC1D75009B4AF1 /* Main.storyboard */; };
		722191E21CFC1D75009B4AF1 /* Assets.xcassets in Resources */ = {isa = PBXBuildFile; fileRef = 722191E11CFC1D75009B4AF1 /* Assets.xcassets */; };
		722191E51CFC1D75009B4AF1 /* LaunchScreen.storyboard in Resources */ = {isa = PBXBuildFile; fileRef = 722191E31CFC1D75009B4AF1 /* LaunchScreen.storyboard */; };
/* End PBXBuildFile section */

/* Begin PBXFileReference section */
		722191D71CFC1D75009B4AF1 /* DemoCI.app */ = {isa = PBXFileReference; explicitFileType = wrapper.application; includeInIndex = 0; path = DemoCI.app; sourceTree = BUILT_PRODUCTS_DIR; };
		722191DA1CFC1D75009B4AF1 /* AppDelegate.swift */ = {isa = PBXFileReference; lastKnownFileType = sourcecode.swift; path = AppDelegate.swift; sourceTree = "<group>"; };
		722191DC1CFC1D75009B4AF1 /* ViewController.swift */ = {isa = PBXFileReference; lastKnownFileType = sourcecode.swift; path = ViewController.swift; sourceTree = "<group>"; };
		722191DF1CFC1D75009B4AF1 /* Base */ = {isa = PBXFileReference; lastKnownFileType = file.storyboard; name = Base; path = Base.lproj/Main.storyboard; sourceTree = "<group>"; };
		722191E11CFC1D75009B4AF1 /* Assets.xcassets */ = {isa = PBXFileReference; lastKnownFileType = folder.assetcatalog; path = Assets.xcassets; sourceTree = "<group>"; };
		722191E41CFC1D75009B4AF1 /* Base */ = {isa = PBXFileReference; lastKnownFileType = file.storyboard; name = Base; path = Base.lproj/LaunchScreen.storyboard; sourceTree = "<group>"; };
		722191E61CFC1D75009B4AF1 /* Info.plist */ = {isa = PBXFileReference; lastKnownFileType = text.plist.xml; path = Info.plist; sourceTree = "<group>"; };
/* End PBXFileReference section */

/* Begin PBXFrameworksBuildPhase section */
		722191D41CFC1D75009B4AF1 /* Frameworks */ = {
			isa = PBXFrameworksBuildPhase;
			buildActionMask = 2147483647;
			files = (
			);
			runOnlyForDeploymentPostprocessing = 0;
		};
/* End PBXFrameworksBuildPhase section */

/* Begin PBXGroup section */
		722191CE1CFC1D75009B4AF1 = {
			isa = PBXGroup;
			children = (
				722191D91CFC1D75009B4AF1 /* DemoCI */,
				722191D81CFC1D75009B4AF1 /* Products */,
			);
			sourceTree = "<group>";
		};
		722191D81CFC1D75009B4AF1 /* Products */ = {
			isa = PBXGroup;
			children = (
				722191D71CFC1D75009B4AF1 /* DemoCI.app */,
			);
			name = Products;
			sourceTree = "<group>";
		};
		722191D91CFC1D75009B4AF1 /* DemoCI */ = {
			isa = PBXGroup;
			children = (
				722191DA1CFC1D75009B4AF1 /* AppDelegate.swift */,
				722191DC1CFC1D75009B4AF1 /* ViewController.swift */,
				722191DE1CFC1D75009B4AF1 /* Main.storyboard */,
				722191E11CFC1D75009B4AF1 /* Assets.xcassets */,
				722191E31CFC1D75009B4AF1 /* LaunchScreen.storyboard */,
				722191E61CFC1D75009B4AF1 /* Info.plist */,
			);
			path = DemoCI;
			sourceTree = "<group>";
		};
/* End PBXGroup section */

/* Begin PBXNativeTarget section */
		722191D61CFC1D75009B4AF1 /* DemoCI */ = {
			isa = PBXNativeTarget;
			buildConfigurationList = 722191E91CFC1D75009B4AF1 /* Build configuration list for PBXNativeTarget "DemoCI" */;
			buildPhases = (
				722191D31CFC1D75009B4AF1 /* Sources */,
				722191D41CFC1D75009B4AF1 /* Frameworks */,
				722191D51CFC1D75009B4AF1 /* Resources */,
			);
			buildRules = (
			);
			dependencies = (
			);
			name = DemoCI;
			productName = DemoCI;
			productReference = 722191D71CFC1D75009B4AF1 /* DemoCI.app */;
			productType = "com.apple.product-type.application";
		};
/* End PBXNativeTarget section */

/* Begin PBXProject section */
		722191CF1CFC1D75009B4AF1 /* Project object */ = {
			isa = PBXProject;
			attributes = {
				LastSwiftUpdateCheck = 0730;
				LastUpgradeCheck = 0730;
				ORGANIZATIONNAME = cc.kauhaus;
				TargetAttributes = {
					722191D61CFC1D75009B4AF1 = {
						CreatedOnToolsVersion = 7.3.1;
					};
				};
			};
			buildConfigurationList = 722191D21CFC1D75009B4AF1 /* Build configuration list for PBXProject "DemoCI" */;
			compatibilityVersion = "Xcode 3.2";
			developmentRegion = English;
			hasScannedForEncodings = 0;
			knownRegions = (
				en,
				Base,
			);
			mainGroup = 722191CE1CFC1D75009B4AF1;
			productRefGroup = 722191D81CFC1D75009B4AF1 /* Products */;
			projectDirPath = "";
			projectRoot = "";
			targets = (
				722191D61CFC1D75009B4AF1 /* DemoCI */,
			);
		};
/* End PBXProject section */

/* Begin PBXResourcesBuildPhase section */
		722191D51CFC1D75009B4AF1 /* Resources */ = {
			isa = PBXResourcesBuildPhase;
			buildActionMask = 2147483647;
			files = (
				722191E51CFC1D75009B4AF1 /* LaunchScreen.storyboard in Resources */,
				722191E21CFC1D75009B4AF1 /* Assets.xcassets in Resources */,
				722191E01CFC1D75009B4AF1 /* Main.storyboard in Resources */,
			);
			runOnlyForDeploymentPostprocessing = 0;
		};
/* End PBXResourcesBuildPhase section */

/* Begin PBXSourcesBuildPhase section */
		722191D31CFC1D75009B4AF1 /* Sources */ = {
			isa = PBXSourcesBuildPhase;
			buildActionMask = 2147483647;
			files = (
				722191DD1CFC1D75009B4AF1 /* ViewController.swift in Sources */,
				722191DB1CFC1D75009B4AF1 /* AppDelegate.swift in Sources */,
			);
			runOnlyForDeploymentPostprocessing = 0;
		};
/* End PBXSourcesBuildPhase section */

/* Begin PBXVariantGroup section */
		722191DE1CFC1D75009B4AF1 /* Main.storyboard */ = {
			isa = PBXVariantGroup;
			children = (
				722191DF1CFC1D75009B4AF1 /* Base */,
			);
			name = Main.storyboard;
			sourceTree = "<group>";
		};
		722191E31CFC1D75009B4AF1 /* LaunchScreen.storyboard */ = {
			isa = PBXVariantGroup;
			children = (
				722191E41CFC1D75009B4AF1 /* Base */,
			);
			name = LaunchScreen.storyboard;
			sourceTree = "<group>";
		};
/* End PBXVariantGroup section */

/* Begin XCBuildConfiguration section */
		722191E71CFC1D75009B4AF1 /* Debug */ = {
			isa = XCBuildConfiguration;
			buildSettings = {
				ALWAYS_SEARCH_USER_PATHS = NO;
				CLANG_ANALYZER_NONNULL = YES;
				CLANG_CXX_LANGUAGE_STANDARD = "gnu++0x";
				CLANG_CXX_LIBRARY = "libc++";
				CLANG_ENABLE_MODULES = YES;
				CLANG_ENABLE_OBJC_ARC = YES;
				CLANG_WARN_BOOL_CONVERSION = YES;
				CLANG_WARN_CONSTANT_CONVERSION = YES;
				CLANG_WARN_DIRECT_OBJC_ISA_USAGE = YES_ERROR;
				CLANG_WARN_EMPTY_BODY = YES;
				CLANG_WARN_ENUM_CONVERSION = YES;
				CLANG_WARN_INT_CONVERSION = YES;
				CLANG_WARN_OBJC_ROOT_CLASS = YES_ERROR;
				CLANG_WARN_UNREACHABLE_CODE = YES;
				CLANG_WARN__DUPLICATE_METHOD_MATCH = YES;
				"CODE_SIGN_IDENTITY[sdk=iphoneos*]" = "iPhone Developer";
				COPY_PHASE_STRIP = NO;
				DEBUG_INFORMATION_FORMAT = dwarf;
				ENABLE_STRICT_OBJC_MSGSEND = YES;
				ENABLE_TESTABILITY = YES;
				GCC_C_LANGUAGE_STANDARD = gnu99;
				GCC_DYNAMIC_NO_PIC = NO;
				GCC_NO_COMMON_BLOCKS = YES;
				GCC_OPTIMIZATION_LEVEL = 0;
				GCC_PREPROCESSOR_DEFINITIONS = (
					"DEBUG=1",
					"$(inherited)",
				);
				GCC_WARN_64_TO_32_BIT_CONVERSION = YES;
				GCC_WARN_ABOUT_RETURN_TYPE = YES_ERROR;
				GCC_WARN_UNDECLARED_SELECTOR = YES;
				GCC_WARN_UNINITIALIZED_AUTOS = YES_AGGRESSIVE;
				GCC_WARN_UNUSED_FUNCTION = YES;
				GCC_WARN_UNUSED_VARIABLE = YES;
				IPHONEOS_DEPLOYMENT_TARGET = 9.3;
				MTL_ENABLE_DEBUG_INFO = YES;
				ONLY_ACTIVE_ARCH = YES;
				SDKROOT = iphoneos;
				SWIFT_OPTIMIZATION_LEVEL = "-Onone";
			};
			name = Debug;
		};
		722191E81CFC1D75009B4AF1 /* Release */ = {
			isa = XCBuildConfiguration;
			buildSettings = {
				ALWAYS_SEARCH_USER_PATHS = NO;
				CLANG_ANALYZER_NONNULL = YES;
				CLANG_CXX_LANGUAGE_STANDARD = "gnu++0x";
				CLANG_CXX_LIBRARY = "libc++";
				CLANG_ENABLE_MODULES = YES;
				CLANG_ENABLE_OBJC_ARC = YES;
				CLANG_WARN_BOOL_CONVERSION = YES;
				CLANG_WARN_CONSTANT_CONVERSION = YES;
				CLANG_WARN_DIRECT_OBJC_ISA_USAGE = YES_ERROR;
				CLANG_WARN_EMPTY_BODY = YES;
				CLANG_WARN_ENUM_CONVERSION = YES;
				CLANG_WARN_INT_CONVERSION = YES;
				CLANG_WARN_OBJC_ROOT_CLASS = YES_ERROR;
				CLANG_WARN_UNREACHABLE_CODE = YES;
				CLANG_WARN__DUPLICATE_METHOD_MATCH = YES;
				"CODE_SIGN_IDENTITY[sdk=iphoneos*]" = "iPhone Developer";
				COPY_PHASE_STRIP = NO;
				DEBUG_INFORMATION_FORMAT = "dwarf-with-dsym";
				ENABLE_NS_ASSERTIONS = NO;
				ENABLE_STRICT_OBJC_MSGSEND = YES;
				GCC_C_LANGUAGE_STANDARD = gnu99;
				GCC_NO_COMMON_BLOCKS = YES;
				GCC_WARN_64_TO_32_BIT_CONVERSION = YES;
				GCC_WARN_ABOUT_RETURN_TYPE = YES_ERROR;
				GCC_WARN_UNDECLARED_SELECTOR = YES;
				GCC_WARN_UNINITIALIZED_AUTOS = YES_AGGRESSIVE;
				GCC_WARN_UNUSED_FUNCTION = YES;
				GCC_WARN_UNUSED_VARIABLE = YES;
				IPHONEOS_DEPLOYMENT_TARGET = 9.3;
				MTL_ENABLE_DEBUG_INFO = NO;
				SDKROOT = iphoneos;
				VALIDATE_PRODUCT = YES;
			};
			name = Release;
		};
		722191EA1CFC1D75009B4AF1 /* Debug */ = {
			isa = XCBuildConfiguration;
			buildSettings = {
				ASSETCATALOG_COMPILER_APPICON_NAME = AppIcon;
				INFOPLIST_FILE = DemoCI/Info.plist;
				LD_RUNPATH_SEARCH_PATHS = "$(inherited) @executable_path/Frameworks";
				PRODUCT_BUNDLE_IDENTIFIER = cc.kauhaus.hulk.DemoCI;
				PRODUCT_NAME = "$(TARGET_NAME)";
			};
			name = Debug;
		};
		722191EB1CFC1D75009B4AF1 /* Release */ = {
			isa = XCBuildConfiguration;
			buildSettings = {
				ASSETCATALOG_COMPILER_APPICON_NAME = AppIcon;
				INFOPLIST_FILE = DemoCI/Info.plist;
				LD_RUNPATH_SEARCH_PATHS = "$(inherited) @executable_path/Frameworks";
				PRODUCT_BUNDLE_IDENTIFIER = cc.kauhaus.hulk.DemoCI;
				PRODUCT_NAME = "$(TARGET_NAME)";
			};
			name = Release;
		};
/* End XCBuildConfiguration section */

/* Begin XCConfigurationList section */
		722191D21CFC1D75009B4AF1 /* Build configuration list for PBXProject "DemoCI" */ = {
			isa = XCConfigurationList;
			buildConfigurations = (
				722191E71CFC1D75009B4AF1 /* Debug */,
				722191E81CFC1D75009B4AF1 /* Release */,
			);
			defaultConfigurationIsVisible = 0;
			defaultConfigurationName = Release;
		};
		722191E91CFC1D75009B4AF1 /* Build configuration list for PBXNativeTarget "DemoCI" */ = {
			isa = XCConfigurationList;
			buildConfigurations = (
				722191EA1CFC1D75009B4AF1 /* Debug */,
				722191EB1CFC1D75009B4AF1 /* Release */,
			);
			defaultConfigurationIsVisible = 0;
		};
/* End XCConfigurationList section */
	};
	rootObject = 722191CF1CFC1D75009B4AF1 /* Project object */;
}
